
Microsoft Visual Studio Solution File, Format Version 11.00
# Visual Studio 2010
Project("{F184B08F-C81C-45F6-A57F-5ABD9991F28F}") = "SOLUCIONES_INTERNAS", "SOLUCIONES_INTERNAS\SOLUCIONES_INTERNAS.vbproj", "{E66AFB32-2EDF-42C6-9B1B-8D9CC4713E54}"
EndProject
Project("{54435603-DBB4-11D2-8724-00A0C9A8B90C}") = "INSTALADOR_SOLUCIONES_INTERNAS", "INSTALADOR_SOLUCIONES_INTERNAS\INSTALADOR_SOLUCIONES_INTERNAS.vdproj", "{29FBB8B0-003C-4A36-8493-E4FE9C621C13}"
EndProject
Project("{2150E333-8FDC-42A3-9474-1A3956D46DE8}") = "Solution Items", "Solution Items", "{D23A38E4-0E73-4883-AB95-9141E5D0B055}"
	ProjectSection(SolutionItems) = preProject
		Local.testsettings = Local.testsettings
		SOLUCIONES_INTERNAS.vsmdi = SOLUCIONES_INTERNAS.vsmdi
		TraceAndTestImpact.testsettings = TraceAndTestImpact.testsettings
	EndProjectSection
EndProject
Global
	GlobalSection(TestCaseManagementSettings) = postSolution
		CategoryFile = SOLUCIONES_INTERNAS.vsmdi
	EndGlobalSection
	GlobalSection(SolutionConfigurationPlatforms) = preSolution
		Debug|Any CPU = Debug|Any CPU
		Debug|Mixed Platforms = Debug|Mixed Platforms
		Debug|x86 = Debug|x86
		Release|Any CPU = Release|Any CPU
		Release|Mixed Platforms = Release|Mixed Platforms
		Release|x86 = Release|x86
	EndGlobalSection
	GlobalSection(ProjectConfigurationPlatforms) = postSolution
		{E66AFB32-2EDF-42C6-9B1B-8D9CC4713E54}.Debug|Any CPU.ActiveCfg = Debug|x86
		{E66AFB32-2EDF-42C6-9B1B-8D9CC4713E54}.Debug|Mixed Platforms.ActiveCfg = Debug|x86
		{E66AFB32-2EDF-42C6-9B1B-8D9CC4713E54}.Debug|Mixed Platforms.Build.0 = Debug|x86
		{E66AFB32-2EDF-42C6-9B1B-8D9CC4713E54}.Debug|x86.ActiveCfg = Debug|x86
		{E66AFB32-2EDF-42C6-9B1B-8D9CC4713E54}.Debug|x86.Build.0 = Debug|x86
		{E66AFB32-2EDF-42C6-9B1B-8D9CC4713E54}.Release|Any CPU.ActiveCfg = Release|x86
		{E66AFB32-2EDF-42C6-9B1B-8D9CC4713E54}.Release|Mixed Platforms.ActiveCfg = Release|x86
		{E66AFB32-2EDF-42C6-9B1B-8D9CC4713E54}.Release|Mixed Platforms.Build.0 = Release|x86
		{E66AFB32-2EDF-42C6-9B1B-8D9CC4713E54}.Release|x86.ActiveCfg = Release|x86
		{E66AFB32-2EDF-42C6-9B1B-8D9CC4713E54}.Release|x86.Build.0 = Release|x86
		{29FBB8B0-003C-4A36-8493-E4FE9C621C13}.Debug|Any CPU.ActiveCfg = Debug
		{29FBB8B0-003C-4A36-8493-E4FE9C621C13}.Debug|Any CPU.Build.0 = Debug
		{29FBB8B0-003C-4A36-8493-E4FE9C621C13}.Debug|Mixed Platforms.ActiveCfg = Debug
		{29FBB8B0-003C-4A36-8493-E4FE9C621C13}.Debug|Mixed Platforms.Build.0 = Debug
		{29FBB8B0-003C-4A36-8493-E4FE9C621C13}.Debug|x86.ActiveCfg = Debug
		{29FBB8B0-003C-4A36-8493-E4FE9C621C13}.Release|Any CPU.ActiveCfg = Release
		{29FBB8B0-003C-4A36-8493-E4FE9C621C13}.Release|Any CPU.Build.0 = Release
		{29FBB8B0-003C-4A36-8493-E4FE9C621C13}.Release|Mixed Platforms.ActiveCfg = Release
		{29FBB8B0-003C-4A36-8493-E4FE9C621C13}.Release|Mixed Platforms.Build.0 = Release
		{29FBB8B0-003C-4A36-8493-E4FE9C621C13}.Release|x86.ActiveCfg = Release
	EndGlobalSection
	GlobalSection(SolutionProperties) = preSolution
		HideSolutionNode = FALSE
	EndGlobalSection
EndGlobal
